
Microsoft Visual Studio Solution File, Format Version 12.00
# Visual Studio Version 16
VisualStudioVersion = 16.0.31313.79
MinimumVisualStudioVersion = 10.0.40219.1
Project("{9A19103F-16F7-4668-BE54-9A1E7A4F7556}") = "Entities", "Entities\Entities.csproj", "{52499F8A-455D-4601-BC4B-4163516622B5}"
EndProject
Project("{9A19103F-16F7-4668-BE54-9A1E7A4F7556}") = "DataAccess", "DataAccess\DataAccess.csproj", "{3C07A0C7-9EB4-4A30-B4EF-5B151938DC6F}"
EndProject
Project("{9A19103F-16F7-4668-BE54-9A1E7A4F7556}") = "ConsoleUI", "ConsoleUI\ConsoleUI.csproj", "{BCA5327B-C67B-494D-9DC1-B17EB024B7FE}"
EndProject
Project("{9A19103F-16F7-4668-BE54-9A1E7A4F7556}") = "Business", "Business\Business.csproj", "{13944BB7-46DA-4C9B-A607-3A57AC068A92}"
EndProject
Project("{FAE04EC0-301F-11D3-BF4B-00C04F79EFBC}") = "Core", "Core\Core.csproj", "{A6889E9E-65AF-4251-A6F4-70C85B1F7250}"
EndProject
Global
	GlobalSection(SolutionConfigurationPlatforms) = preSolution
		Debug|Any CPU = Debug|Any CPU
		Release|Any CPU = Release|Any CPU
	EndGlobalSection
	GlobalSection(ProjectConfigurationPlatforms) = postSolution
		{52499F8A-455D-4601-BC4B-4163516622B5}.Debug|Any CPU.ActiveCfg = Debug|Any CPU
		{52499F8A-455D-4601-BC4B-4163516622B5}.Debug|Any CPU.Build.0 = Debug|Any CPU
		{52499F8A-455D-4601-BC4B-4163516622B5}.Release|Any CPU.ActiveCfg = Release|Any CPU
		{52499F8A-455D-4601-BC4B-4163516622B5}.Release|Any CPU.Build.0 = Release|Any CPU
		{3C07A0C7-9EB4-4A30-B4EF-5B151938DC6F}.Debug|Any CPU.ActiveCfg = Debug|Any CPU
		{3C07A0C7-9EB4-4A30-B4EF-5B151938DC6F}.Debug|Any CPU.Build.0 = Debug|Any CPU
		{3C07A0C7-9EB4-4A30-B4EF-5B151938DC6F}.Release|Any CPU.ActiveCfg = Release|Any CPU
		{3C07A0C7-9EB4-4A30-B4EF-5B151938DC6F}.Release|Any CPU.Build.0 = Release|Any CPU
		{BCA5327B-C67B-494D-9DC1-B17EB024B7FE}.Debug|Any CPU.ActiveCfg = Debug|Any CPU
		{BCA5327B-C67B-494D-9DC1-B17EB024B7FE}.Debug|Any CPU.Build.0 = Debug|Any CPU
		{BCA5327B-C67B-494D-9DC1-B17EB024B7FE}.Release|Any CPU.ActiveCfg = Release|Any CPU
		{BCA5327B-C67B-494D-9DC1-B17EB024B7FE}.Release|Any CPU.Build.0 = Release|Any CPU
		{13944BB7-46DA-4C9B-A607-3A57AC068A92}.Debug|Any CPU.ActiveCfg = Debug|Any CPU
		{13944BB7-46DA-4C9B-A607-3A57AC068A92}.Debug|Any CPU.Build.0 = Debug|Any CPU
		{13944BB7-46DA-4C9B-A607-3A57AC068A92}.Release|Any CPU.ActiveCfg = Release|Any CPU
		{13944BB7-46DA-4C9B-A607-3A57AC068A92}.Release|Any CPU.Build.0 = Release|Any CPU
		{A6889E9E-65AF-4251-A6F4-70C85B1F7250}.Debug|Any CPU.ActiveCfg = Debug|Any CPU
		{A6889E9E-65AF-4251-A6F4-70C85B1F7250}.Debug|Any CPU.Build.0 = Debug|Any CPU
		{A6889E9E-65AF-4251-A6F4-70C85B1F7250}.Release|Any CPU.ActiveCfg = Release|Any CPU
		{A6889E9E-65AF-4251-A6F4-70C85B1F7250}.Release|Any CPU.Build.0 = Release|Any CPU
	EndGlobalSection
	GlobalSection(SolutionProperties) = preSolution
		HideSolutionNode = FALSE
	EndGlobalSection
	GlobalSection(ExtensibilityGlobals) = postSolution
		SolutionGuid = {44D8F03D-E48E-4DC1-B560-181D912EA3D5}
	EndGlobalSection
EndGlobal
